
Microsoft Visual Studio Solution File, Format Version 12.00
# Visual Studio Version 16
VisualStudioVersion = 16.0.29418.71
MinimumVisualStudioVersion = 10.0.40219.1
Project("{FAE04EC0-301F-11D3-BF4B-00C04F79EFBC}") = "Лаб5_1", "Лаб5_1\Лаб5_1.csproj", "{00B85EE3-E807-4D29-9992-BAE6F85748B2}"
EndProject
Global
	GlobalSection(SolutionConfigurationPlatforms) = preSolution
		Debug|Any CPU = Debug|Any CPU
		Release|Any CPU = Release|Any CPU
	EndGlobalSection
	GlobalSection(ProjectConfigurationPlatforms) = postSolution
		{00B85EE3-E807-4D29-9992-BAE6F85748B2}.Debug|Any CPU.ActiveCfg = Debug|Any CPU
		{00B85EE3-E807-4D29-9992-BAE6F85748B2}.Debug|Any CPU.Build.0 = Debug|Any CPU
		{00B85EE3-E807-4D29-9992-BAE6F85748B2}.Release|Any CPU.ActiveCfg = Release|Any CPU
		{00B85EE3-E807-4D29-9992-BAE6F85748B2}.Release|Any CPU.Build.0 = Release|Any CPU
	EndGlobalSection
	GlobalSection(SolutionProperties) = preSolution
		HideSolutionNode = FALSE
	EndGlobalSection
	GlobalSection(ExtensibilityGlobals) = postSolution
		SolutionGuid = {E5E9E900-788D-4143-B08E-E188E1E30B53}
	EndGlobalSection
EndGlobal
